
Microsoft Visual Studio Solution File, Format Version 12.00
# Visual Studio Version 17
VisualStudioVersion = 17.14.36301.6 d17.14
MinimumVisualStudioVersion = 10.0.40219.1
Project("{54A90642-561A-4BB1-A94E-469ADEE60C69}") = "taskmanagerapp.client", "taskmanagerapp.client\taskmanagerapp.client.esproj", "{E7E945B3-EA5D-60B4-A31F-8D5B019737F0}"
EndProject
Project("{FAE04EC0-301F-11D3-BF4B-00C04F79EFBC}") = "TaskManagerApp.Server", "TaskManagerApp.Server\TaskManagerApp.Server.csproj", "{08D89FFA-EDFC-4086-8690-D9871DF75F84}"
EndProject
Global
	GlobalSection(SolutionConfigurationPlatforms) = preSolution
		Debug|Any CPU = Debug|Any CPU
		Release|Any CPU = Release|Any CPU
	EndGlobalSection
	GlobalSection(ProjectConfigurationPlatforms) = postSolution
		{E7E945B3-EA5D-60B4-A31F-8D5B019737F0}.Debug|Any CPU.ActiveCfg = Debug|Any CPU
		{E7E945B3-EA5D-60B4-A31F-8D5B019737F0}.Debug|Any CPU.Build.0 = Debug|Any CPU
		{E7E945B3-EA5D-60B4-A31F-8D5B019737F0}.Debug|Any CPU.Deploy.0 = Debug|Any CPU
		{E7E945B3-EA5D-60B4-A31F-8D5B019737F0}.Release|Any CPU.ActiveCfg = Release|Any CPU
		{E7E945B3-EA5D-60B4-A31F-8D5B019737F0}.Release|Any CPU.Build.0 = Release|Any CPU
		{E7E945B3-EA5D-60B4-A31F-8D5B019737F0}.Release|Any CPU.Deploy.0 = Release|Any CPU
		{08D89FFA-EDFC-4086-8690-D9871DF75F84}.Debug|Any CPU.ActiveCfg = Debug|Any CPU
		{08D89FFA-EDFC-4086-8690-D9871DF75F84}.Debug|Any CPU.Build.0 = Debug|Any CPU
		{08D89FFA-EDFC-4086-8690-D9871DF75F84}.Release|Any CPU.ActiveCfg = Release|Any CPU
		{08D89FFA-EDFC-4086-8690-D9871DF75F84}.Release|Any CPU.Build.0 = Release|Any CPU
	EndGlobalSection
	GlobalSection(SolutionProperties) = preSolution
		HideSolutionNode = FALSE
	EndGlobalSection
	GlobalSection(ExtensibilityGlobals) = postSolution
		SolutionGuid = {15E1EC12-A4B7-4D20-9255-7A4E85DEFAA2}
	EndGlobalSection
EndGlobal
